
Microsoft Visual Studio Solution File, Format Version 12.00
# Visual Studio 15
VisualStudioVersion = 15.0.28010.2050
MinimumVisualStudioVersion = 10.0.40219.1
Project("{FAE04EC0-301F-11D3-BF4B-00C04F79EFBC}") = "Divisas2.Android", "Divisas2\Divisas2.Android\Divisas2.Android.csproj", "{4EDC88C6-C3FE-41F4-AC3D-0E2394F4B6D3}"
EndProject
Project("{FAE04EC0-301F-11D3-BF4B-00C04F79EFBC}") = "Divisas2.iOS", "Divisas2\Divisas2.iOS\Divisas2.iOS.csproj", "{E6794337-D978-4D6F-BB4D-2447043C5151}"
EndProject
Project("{FAE04EC0-301F-11D3-BF4B-00C04F79EFBC}") = "Divisas2.UWP", "Divisas2\Divisas2.UWP\Divisas2.UWP.csproj", "{BC5AF16F-70D3-41BE-85B0-1427B61CB5BC}"
EndProject
Project("{FAE04EC0-301F-11D3-BF4B-00C04F79EFBC}") = "Divisas2", "Divisas2\Divisas2\Divisas2.csproj", "{51D14FBD-9A6C-4637-B5FD-14A76771E799}"
EndProject
Global
	GlobalSection(SolutionConfigurationPlatforms) = preSolution
		Ad-Hoc|Any CPU = Ad-Hoc|Any CPU
		Ad-Hoc|ARM = Ad-Hoc|ARM
		Ad-Hoc|iPhone = Ad-Hoc|iPhone
		Ad-Hoc|iPhoneSimulator = Ad-Hoc|iPhoneSimulator
		Ad-Hoc|x64 = Ad-Hoc|x64
		Ad-Hoc|x86 = Ad-Hoc|x86
		AppStore|Any CPU = AppStore|Any CPU
		AppStore|ARM = AppStore|ARM
		AppStore|iPhone = AppStore|iPhone
		AppStore|iPhoneSimulator = AppStore|iPhoneSimulator
		AppStore|x64 = AppStore|x64
		AppStore|x86 = AppStore|x86
		Debug|Any CPU = Debug|Any CPU
		Debug|ARM = Debug|ARM
		Debug|iPhone = Debug|iPhone
		Debug|iPhoneSimulator = Debug|iPhoneSimulator
		Debug|x64 = Debug|x64
		Debug|x86 = Debug|x86
		Release|Any CPU = Release|Any CPU
		Release|ARM = Release|ARM
		Release|iPhone = Release|iPhone
		Release|iPhoneSimulator = Release|iPhoneSimulator
		Release|x64 = Release|x64
		Release|x86 = Release|x86
	EndGlobalSection
	GlobalSection(ProjectConfigurationPlatforms) = postSolution
		{4EDC88C6-C3FE-41F4-AC3D-0E2394F4B6D3}.Ad-Hoc|Any CPU.ActiveCfg = Release|Any CPU
		{4EDC88C6-C3FE-41F4-AC3D-0E2394F4B6D3}.Ad-Hoc|Any CPU.Build.0 = Release|Any CPU
		{4EDC88C6-C3FE-41F4-AC3D-0E2394F4B6D3}.Ad-Hoc|Any CPU.Deploy.0 = Release|Any CPU
		{4EDC88C6-C3FE-41F4-AC3D-0E2394F4B6D3}.Ad-Hoc|ARM.ActiveCfg = Release|Any CPU
		{4EDC88C6-C3FE-41F4-AC3D-0E2394F4B6D3}.Ad-Hoc|ARM.Build.0 = Release|Any CPU
		{4EDC88C6-C3FE-41F4-AC3D-0E2394F4B6D3}.Ad-Hoc|ARM.Deploy.0 = Release|Any CPU
		{4EDC88C6-C3FE-41F4-AC3D-0E2394F4B6D3}.Ad-Hoc|iPhone.ActiveCfg = Release|Any CPU
		{4EDC88C6-C3FE-41F4-AC3D-0E2394F4B6D3}.Ad-Hoc|iPhone.Build.0 = Release|Any CPU
		{4EDC88C6-C3FE-41F4-AC3D-0E2394F4B6D3}.Ad-Hoc|iPhone.Deploy.0 = Release|Any CPU
		{4EDC88C6-C3FE-41F4-AC3D-0E2394F4B6D3}.Ad-Hoc|iPhoneSimulator.ActiveCfg = Release|Any CPU
		{4EDC88C6-C3FE-41F4-AC3D-0E2394F4B6D3}.Ad-Hoc|iPhoneSimulator.Build.0 = Release|Any CPU
		{4EDC88C6-C3FE-41F4-AC3D-0E2394F4B6D3}.Ad-Hoc|iPhoneSimulator.Deploy.0 = Release|Any CPU
		{4EDC88C6-C3FE-41F4-AC3D-0E2394F4B6D3}.Ad-Hoc|x64.ActiveCfg = Release|Any CPU
		{4EDC88C6-C3FE-41F4-AC3D-0E2394F4B6D3}.Ad-Hoc|x64.Build.0 = Release|Any CPU
		{4EDC88C6-C3FE-41F4-AC3D-0E2394F4B6D3}.Ad-Hoc|x64.Deploy.0 = Release|Any CPU
		{4EDC88C6-C3FE-41F4-AC3D-0E2394F4B6D3}.Ad-Hoc|x86.ActiveCfg = Release|Any CPU
		{4EDC88C6-C3FE-41F4-AC3D-0E2394F4B6D3}.Ad-Hoc|x86.Build.0 = Release|Any CPU
		{4EDC88C6-C3FE-41F4-AC3D-0E2394F4B6D3}.Ad-Hoc|x86.Deploy.0 = Release|Any CPU
		{4EDC88C6-C3FE-41F4-AC3D-0E2394F4B6D3}.AppStore|Any CPU.ActiveCfg = Release|Any CPU
		{4EDC88C6-C3FE-41F4-AC3D-0E2394F4B6D3}.AppStore|Any CPU.Build.0 = Release|Any CPU
		{4EDC88C6-C3FE-41F4-AC3D-0E2394F4B6D3}.AppStore|Any CPU.Deploy.0 = Release|Any CPU
		{4EDC88C6-C3FE-41F4-AC3D-0E2394F4B6D3}.AppStore|ARM.ActiveCfg = Release|Any CPU
		{4EDC88C6-C3FE-41F4-AC3D-0E2394F4B6D3}.AppStore|ARM.Build.0 = Release|Any CPU
		{4EDC88C6-C3FE-41F4-AC3D-0E2394F4B6D3}.AppStore|ARM.Deploy.0 = Release|Any CPU
		{4EDC88C6-C3FE-41F4-AC3D-0E2394F4B6D3}.AppStore|iPhone.ActiveCfg = Release|Any CPU
		{4EDC88C6-C3FE-41F4-AC3D-0E2394F4B6D3}.AppStore|iPhone.Build.0 = Release|Any CPU
		{4EDC88C6-C3FE-41F4-AC3D-0E2394F4B6D3}.AppStore|iPhone.Deploy.0 = Release|Any CPU
		{4EDC88C6-C3FE-41F4-AC3D-0E2394F4B6D3}.AppStore|iPhoneSimulator.ActiveCfg = Release|Any CPU
		{4EDC88C6-C3FE-41F4-AC3D-0E2394F4B6D3}.AppStore|iPhoneSimulator.Build.0 = Release|Any CPU
		{4EDC88C6-C3FE-41F4-AC3D-0E2394F4B6D3}.AppStore|iPhoneSimulator.Deploy.0 = Release|Any CPU
		{4EDC88C6-C3FE-41F4-AC3D-0E2394F4B6D3}.AppStore|x64.ActiveCfg = Release|Any CPU
		{4EDC88C6-C3FE-41F4-AC3D-0E2394F4B6D3}.AppStore|x64.Build.0 = Release|Any CPU
		{4EDC88C6-C3FE-41F4-AC3D-0E2394F4B6D3}.AppStore|x64.Deploy.0 = Release|Any CPU
		{4EDC88C6-C3FE-41F4-AC3D-0E2394F4B6D3}.AppStore|x86.ActiveCfg = Release|Any CPU
		{4EDC88C6-C3FE-41F4-AC3D-0E2394F4B6D3}.AppStore|x86.Build.0 = Release|Any CPU
		{4EDC88C6-C3FE-41F4-AC3D-0E2394F4B6D3}.AppStore|x86.Deploy.0 = Release|Any CPU
		{4EDC88C6-C3FE-41F4-AC3D-0E2394F4B6D3}.Debug|Any CPU.ActiveCfg = Debug|Any CPU
		{4EDC88C6-C3FE-41F4-AC3D-0E2394F4B6D3}.Debug|Any CPU.Build.0 = Debug|Any CPU
		{4EDC88C6-C3FE-41F4-AC3D-0E2394F4B6D3}.Debug|Any CPU.Deploy.0 = Debug|Any CPU
		{4EDC88C6-C3FE-41F4-AC3D-0E2394F4B6D3}.Debug|ARM.ActiveCfg = Debug|Any CPU
		{4EDC88C6-C3FE-41F4-AC3D-0E2394F4B6D3}.Debug|ARM.Build.0 = Debug|Any CPU
		{4EDC88C6-C3FE-41F4-AC3D-0E2394F4B6D3}.Debug|ARM.Deploy.0 = Debug|Any CPU
		{4EDC88C6-C3FE-41F4-AC3D-0E2394F4B6D3}.Debug|iPhone.ActiveCfg = Debug|Any CPU
		{4EDC88C6-C3FE-41F4-AC3D-0E2394F4B6D3}.Debug|iPhone.Build.0 = Debug|Any CPU
		{4EDC88C6-C3FE-41F4-AC3D-0E2394F4B6D3}.Debug|iPhone.Deploy.0 = Debug|Any CPU
		{4EDC88C6-C3FE-41F4-AC3D-0E2394F4B6D3}.Debug|iPhoneSimulator.ActiveCfg = Debug|Any CPU
		{4EDC88C6-C3FE-41F4-AC3D-0E2394F4B6D3}.Debug|iPhoneSimulator.Build.0 = Debug|Any CPU
		{4EDC88C6-C3FE-41F4-AC3D-0E2394F4B6D3}.Debug|iPhoneSimulator.Deploy.0 = Debug|Any CPU
		{4EDC88C6-C3FE-41F4-AC3D-0E2394F4B6D3}.Debug|x64.ActiveCfg = Debug|Any CPU
		{4EDC88C6-C3FE-41F4-AC3D-0E2394F4B6D3}.Debug|x64.Build.0 = Debug|Any CPU
		{4EDC88C6-C3FE-41F4-AC3D-0E2394F4B6D3}.Debug|x64.Deploy.0 = Debug|Any CPU
		{4EDC88C6-C3FE-41F4-AC3D-0E2394F4B6D3}.Debug|x86.ActiveCfg = Debug|Any CPU
		{4EDC88C6-C3FE-41F4-AC3D-0E2394F4B6D3}.Debug|x86.Build.0 = Debug|Any CPU
		{4EDC88C6-C3FE-41F4-AC3D-0E2394F4B6D3}.Debug|x86.Deploy.0 = Debug|Any CPU
		{4EDC88C6-C3FE-41F4-AC3D-0E2394F4B6D3}.Release|Any CPU.ActiveCfg = Release|Any CPU
		{4EDC88C6-C3FE-41F4-AC3D-0E2394F4B6D3}.Release|Any CPU.Build.0 = Release|Any CPU
		{4EDC88C6-C3FE-41F4-AC3D-0E2394F4B6D3}.Release|Any CPU.Deploy.0 = Release|Any CPU
		{4EDC88C6-C3FE-41F4-AC3D-0E2394F4B6D3}.Release|ARM.ActiveCfg = Release|Any CPU
		{4EDC88C6-C3FE-41F4-AC3D-0E2394F4B6D3}.Release|ARM.Build.0 = Release|Any CPU
		{4EDC88C6-C3FE-41F4-AC3D-0E2394F4B6D3}.Release|ARM.Deploy.0 = Release|Any CPU
		{4EDC88C6-C3FE-41F4-AC3D-0E2394F4B6D3}.Release|iPhone.ActiveCfg = Release|Any CPU
		{4EDC88C6-C3FE-41F4-AC3D-0E2394F4B6D3}.Release|iPhone.Build.0 = Release|Any CPU
		{4EDC88C6-C3FE-41F4-AC3D-0E2394F4B6D3}.Release|iPhone.Deploy.0 = Release|Any CPU
		{4EDC88C6-C3FE-41F4-AC3D-0E2394F4B6D3}.Release|iPhoneSimulator.ActiveCfg = Release|Any CPU
		{4EDC88C6-C3FE-41F4-AC3D-0E2394F4B6D3}.Release|iPhoneSimulator.Build.0 = Release|Any CPU
		{4EDC88C6-C3FE-41F4-AC3D-0E2394F4B6D3}.Release|iPhoneSimulator.Deploy.0 = Release|Any CPU
		{4EDC88C6-C3FE-41F4-AC3D-0E2394F4B6D3}.Release|x64.ActiveCfg = Release|Any CPU
		{4EDC88C6-C3FE-41F4-AC3D-0E2394F4B6D3}.Release|x64.Build.0 = Release|Any CPU
		{4EDC88C6-C3FE-41F4-AC3D-0E2394F4B6D3}.Release|x64.Deploy.0 = Release|Any CPU
		{4EDC88C6-C3FE-41F4-AC3D-0E2394F4B6D3}.Release|x86.ActiveCfg = Release|Any CPU
		{4EDC88C6-C3FE-41F4-AC3D-0E2394F4B6D3}.Release|x86.Build.0 = Release|Any CPU
		{4EDC88C6-C3FE-41F4-AC3D-0E2394F4B6D3}.Release|x86.Deploy.0 = Release|Any CPU
		{E6794337-D978-4D6F-BB4D-2447043C5151}.Ad-Hoc|Any CPU.ActiveCfg = Ad-Hoc|iPhone
		{E6794337-D978-4D6F-BB4D-2447043C5151}.Ad-Hoc|Any CPU.Build.0 = Ad-Hoc|iPhone
		{E6794337-D978-4D6F-BB4D-2447043C5151}.Ad-Hoc|Any CPU.Deploy.0 = Ad-Hoc|iPhone
		{E6794337-D978-4D6F-BB4D-2447043C5151}.Ad-Hoc|ARM.ActiveCfg = Ad-Hoc|iPhone
		{E6794337-D978-4D6F-BB4D-2447043C5151}.Ad-Hoc|ARM.Build.0 = Ad-Hoc|iPhone
		{E6794337-D978-4D6F-BB4D-2447043C5151}.Ad-Hoc|ARM.Deploy.0 = Ad-Hoc|iPhone
		{E6794337-D978-4D6F-BB4D-2447043C5151}.Ad-Hoc|iPhone.ActiveCfg = Ad-Hoc|iPhone
		{E6794337-D978-4D6F-BB4D-2447043C5151}.Ad-Hoc|iPhone.Build.0 = Ad-Hoc|iPhone
		{E6794337-D978-4D6F-BB4D-2447043C5151}.Ad-Hoc|iPhone.Deploy.0 = Ad-Hoc|iPhone
		{E6794337-D978-4D6F-BB4D-2447043C5151}.Ad-Hoc|iPhoneSimulator.ActiveCfg = Ad-Hoc|iPhoneSimulator
		{E6794337-D978-4D6F-BB4D-2447043C5151}.Ad-Hoc|iPhoneSimulator.Build.0 = Ad-Hoc|iPhoneSimulator
		{E6794337-D978-4D6F-BB4D-2447043C5151}.Ad-Hoc|iPhoneSimulator.Deploy.0 = Ad-Hoc|iPhoneSimulator
		{E6794337-D978-4D6F-BB4D-2447043C5151}.Ad-Hoc|x64.ActiveCfg = Ad-Hoc|iPhone
		{E6794337-D978-4D6F-BB4D-2447043C5151}.Ad-Hoc|x64.Build.0 = Ad-Hoc|iPhone
		{E6794337-D978-4D6F-BB4D-2447043C5151}.Ad-Hoc|x64.Deploy.0 = Ad-Hoc|iPhone
		{E6794337-D978-4D6F-BB4D-2447043C5151}.Ad-Hoc|x86.ActiveCfg = Ad-Hoc|iPhone
		{E6794337-D978-4D6F-BB4D-2447043C5151}.Ad-Hoc|x86.Build.0 = Ad-Hoc|iPhone
		{E6794337-D978-4D6F-BB4D-2447043C5151}.Ad-Hoc|x86.Deploy.0 = Ad-Hoc|iPhone
		{E6794337-D978-4D6F-BB4D-2447043C5151}.AppStore|Any CPU.ActiveCfg = AppStore|iPhone
		{E6794337-D978-4D6F-BB4D-2447043C5151}.AppStore|Any CPU.Build.0 = AppStore|iPhone
		{E6794337-D978-4D6F-BB4D-2447043C5151}.AppStore|Any CPU.Deploy.0 = AppStore|iPhone
		{E6794337-D978-4D6F-BB4D-2447043C5151}.AppStore|ARM.ActiveCfg = AppStore|iPhone
		{E6794337-D978-4D6F-BB4D-2447043C5151}.AppStore|ARM.Build.0 = AppStore|iPhone
		{E6794337-D978-4D6F-BB4D-2447043C5151}.AppStore|ARM.Deploy.0 = AppStore|iPhone
		{E6794337-D978-4D6F-BB4D-2447043C5151}.AppStore|iPhone.ActiveCfg = AppStore|iPhone
		{E6794337-D978-4D6F-BB4D-2447043C5151}.AppStore|iPhone.Build.0 = AppStore|iPhone
		{E6794337-D978-4D6F-BB4D-2447043C5151}.AppStore|iPhone.Deploy.0 = AppStore|iPhone
		{E6794337-D978-4D6F-BB4D-2447043C5151}.AppStore|iPhoneSimulator.ActiveCfg = AppStore|iPhoneSimulator
		{E6794337-D978-4D6F-BB4D-2447043C5151}.AppStore|iPhoneSimulator.Build.0 = AppStore|iPhoneSimulator
		{E6794337-D978-4D6F-BB4D-2447043C5151}.AppStore|iPhoneSimulator.Deploy.0 = AppStore|iPhoneSimulator
		{E6794337-D978-4D6F-BB4D-2447043C5151}.AppStore|x64.ActiveCfg = AppStore|iPhone
		{E6794337-D978-4D6F-BB4D-2447043C5151}.AppStore|x64.Build.0 = AppStore|iPhone
		{E6794337-D978-4D6F-BB4D-2447043C5151}.AppStore|x64.Deploy.0 = AppStore|iPhone
		{E6794337-D978-4D6F-BB4D-2447043C5151}.AppStore|x86.ActiveCfg = AppStore|iPhone
		{E6794337-D978-4D6F-BB4D-2447043C5151}.AppStore|x86.Build.0 = AppStore|iPhone
		{E6794337-D978-4D6F-BB4D-2447043C5151}.AppStore|x86.Deploy.0 = AppStore|iPhone
		{E6794337-D978-4D6F-BB4D-2447043C5151}.Debug|Any CPU.ActiveCfg = Debug|iPhoneSimulator
		{E6794337-D978-4D6F-BB4D-2447043C5151}.Debug|Any CPU.Build.0 = Debug|iPhoneSimulator
		{E6794337-D978-4D6F-BB4D-2447043C5151}.Debug|Any CPU.Deploy.0 = Debug|iPhoneSimulator
		{E6794337-D978-4D6F-BB4D-2447043C5151}.Debug|ARM.ActiveCfg = Debug|iPhone
		{E6794337-D978-4D6F-BB4D-2447043C5151}.Debug|ARM.Build.0 = Debug|iPhone
		{E6794337-D978-4D6F-BB4D-2447043C5151}.Debug|ARM.Deploy.0 = Debug|iPhone
		{E6794337-D978-4D6F-BB4D-2447043C5151}.Debug|iPhone.ActiveCfg = Debug|iPhone
		{E6794337-D978-4D6F-BB4D-2447043C5151}.Debug|iPhone.Build.0 = Debug|iPhone
		{E6794337-D978-4D6F-BB4D-2447043C5151}.Debug|iPhone.Deploy.0 = Debug|iPhone
		{E6794337-D978-4D6F-BB4D-2447043C5151}.Debug|iPhoneSimulator.ActiveCfg = Debug|iPhoneSimulator
		{E6794337-D978-4D6F-BB4D-2447043C5151}.Debug|iPhoneSimulator.Build.0 = Debug|iPhoneSimulator
		{E6794337-D978-4D6F-BB4D-2447043C5151}.Debug|iPhoneSimulator.Deploy.0 = Debug|iPhoneSimulator
		{E6794337-D978-4D6F-BB4D-2447043C5151}.Debug|x64.ActiveCfg = Debug|iPhone
		{E6794337-D978-4D6F-BB4D-2447043C5151}.Debug|x64.Build.0 = Debug|iPhone
		{E6794337-D978-4D6F-BB4D-2447043C5151}.Debug|x64.Deploy.0 = Debug|iPhone
		{E6794337-D978-4D6F-BB4D-2447043C5151}.Debug|x86.ActiveCfg = Debug|iPhone
		{E6794337-D978-4D6F-BB4D-2447043C5151}.Debug|x86.Build.0 = Debug|iPhone
		{E6794337-D978-4D6F-BB4D-2447043C5151}.Debug|x86.Deploy.0 = Debug|iPhone
		{E6794337-D978-4D6F-BB4D-2447043C5151}.Release|Any CPU.ActiveCfg = Release|iPhone
		{E6794337-D978-4D6F-BB4D-2447043C5151}.Release|Any CPU.Build.0 = Release|iPhone
		{E6794337-D978-4D6F-BB4D-2447043C5151}.Release|Any CPU.Deploy.0 = Release|iPhone
		{E6794337-D978-4D6F-BB4D-2447043C5151}.Release|ARM.ActiveCfg = Release|iPhone
		{E6794337-D978-4D6F-BB4D-2447043C5151}.Release|ARM.Build.0 = Release|iPhone
		{E6794337-D978-4D6F-BB4D-2447043C5151}.Release|ARM.Deploy.0 = Release|iPhone
		{E6794337-D978-4D6F-BB4D-2447043C5151}.Release|iPhone.ActiveCfg = Release|iPhone
		{E6794337-D978-4D6F-BB4D-2447043C5151}.Release|iPhone.Build.0 = Release|iPhone
		{E6794337-D978-4D6F-BB4D-2447043C5151}.Release|iPhone.Deploy.0 = Release|iPhone
		{E6794337-D978-4D6F-BB4D-2447043C5151}.Release|iPhoneSimulator.ActiveCfg = Release|iPhoneSimulator
		{E6794337-D978-4D6F-BB4D-2447043C5151}.Release|iPhoneSimulator.Build.0 = Release|iPhoneSimulator
		{E6794337-D978-4D6F-BB4D-2447043C5151}.Release|iPhoneSimulator.Deploy.0 = Release|iPhoneSimulator
		{E6794337-D978-4D6F-BB4D-2447043C5151}.Release|x64.ActiveCfg = Release|iPhone
		{E6794337-D978-4D6F-BB4D-2447043C5151}.Release|x64.Build.0 = Release|iPhone
		{E6794337-D978-4D6F-BB4D-2447043C5151}.Release|x64.Deploy.0 = Release|iPhone
		{E6794337-D978-4D6F-BB4D-2447043C5151}.Release|x86.ActiveCfg = Release|iPhone
		{E6794337-D978-4D6F-BB4D-2447043C5151}.Release|x86.Build.0 = Release|iPhone
		{E6794337-D978-4D6F-BB4D-2447043C5151}.Release|x86.Deploy.0 = Release|iPhone
		{BC5AF16F-70D3-41BE-85B0-1427B61CB5BC}.Ad-Hoc|Any CPU.ActiveCfg = Release|x86
		{BC5AF16F-70D3-41BE-85B0-1427B61CB5BC}.Ad-Hoc|Any CPU.Build.0 = Release|x86
		{BC5AF16F-70D3-41BE-85B0-1427B61CB5BC}.Ad-Hoc|Any CPU.Deploy.0 = Release|x86
		{BC5AF16F-70D3-41BE-85B0-1427B61CB5BC}.Ad-Hoc|ARM.ActiveCfg = Release|ARM
		{BC5AF16F-70D3-41BE-85B0-1427B61CB5BC}.Ad-Hoc|ARM.Build.0 = Release|ARM
		{BC5AF16F-70D3-41BE-85B0-1427B61CB5BC}.Ad-Hoc|ARM.Deploy.0 = Release|ARM
		{BC5AF16F-70D3-41BE-85B0-1427B61CB5BC}.Ad-Hoc|iPhone.ActiveCfg = Release|x86
		{BC5AF16F-70D3-41BE-85B0-1427B61CB5BC}.Ad-Hoc|iPhone.Build.0 = Release|x86
		{BC5AF16F-70D3-41BE-85B0-1427B61CB5BC}.Ad-Hoc|iPhone.Deploy.0 = Release|x86
		{BC5AF16F-70D3-41BE-85B0-1427B61CB5BC}.Ad-Hoc|iPhoneSimulator.ActiveCfg = Release|x86
		{BC5AF16F-70D3-41BE-85B0-1427B61CB5BC}.Ad-Hoc|iPhoneSimulator.Build.0 = Release|x86
		{BC5AF16F-70D3-41BE-85B0-1427B61CB5BC}.Ad-Hoc|iPhoneSimulator.Deploy.0 = Release|x86
		{BC5AF16F-70D3-41BE-85B0-1427B61CB5BC}.Ad-Hoc|x64.ActiveCfg = Release|x64
		{BC5AF16F-70D3-41BE-85B0-1427B61CB5BC}.Ad-Hoc|x64.Build.0 = Release|x64
		{BC5AF16F-70D3-41BE-85B0-1427B61CB5BC}.Ad-Hoc|x64.Deploy.0 = Release|x64
		{BC5AF16F-70D3-41BE-85B0-1427B61CB5BC}.Ad-Hoc|x86.ActiveCfg = Release|x86
		{BC5AF16F-70D3-41BE-85B0-1427B61CB5BC}.Ad-Hoc|x86.Build.0 = Release|x86
		{BC5AF16F-70D3-41BE-85B0-1427B61CB5BC}.Ad-Hoc|x86.Deploy.0 = Release|x86
		{BC5AF16F-70D3-41BE-85B0-1427B61CB5BC}.AppStore|Any CPU.ActiveCfg = Release|x86
		{BC5AF16F-70D3-41BE-85B0-1427B61CB5BC}.AppStore|Any CPU.Build.0 = Release|x86
		{BC5AF16F-70D3-41BE-85B0-1427B61CB5BC}.AppStore|Any CPU.Deploy.0 = Release|x86
		{BC5AF16F-70D3-41BE-85B0-1427B61CB5BC}.AppStore|ARM.ActiveCfg = Release|ARM
		{BC5AF16F-70D3-41BE-85B0-1427B61CB5BC}.AppStore|ARM.Build.0 = Release|ARM
		{BC5AF16F-70D3-41BE-85B0-1427B61CB5BC}.AppStore|ARM.Deploy.0 = Release|ARM
		{BC5AF16F-70D3-41BE-85B0-1427B61CB5BC}.AppStore|iPhone.ActiveCfg = Release|x86
		{BC5AF16F-70D3-41BE-85B0-1427B61CB5BC}.AppStore|iPhone.Build.0 = Release|x86
		{BC5AF16F-70D3-41BE-85B0-1427B61CB5BC}.AppStore|iPhone.Deploy.0 = Release|x86
		{BC5AF16F-70D3-41BE-85B0-1427B61CB5BC}.AppStore|iPhoneSimulator.ActiveCfg = Release|x86
		{BC5AF16F-70D3-41BE-85B0-1427B61CB5BC}.AppStore|iPhoneSimulator.Build.0 = Release|x86
		{BC5AF16F-70D3-41BE-85B0-1427B61CB5BC}.AppStore|iPhoneSimulator.Deploy.0 = Release|x86
		{BC5AF16F-70D3-41BE-85B0-1427B61CB5BC}.AppStore|x64.ActiveCfg = Release|x64
		{BC5AF16F-70D3-41BE-85B0-1427B61CB5BC}.AppStore|x64.Build.0 = Release|x64
		{BC5AF16F-70D3-41BE-85B0-1427B61CB5BC}.AppStore|x64.Deploy.0 = Release|x64
		{BC5AF16F-70D3-41BE-85B0-1427B61CB5BC}.AppStore|x86.ActiveCfg = Release|x86
		{BC5AF16F-70D3-41BE-85B0-1427B61CB5BC}.AppStore|x86.Build.0 = Release|x86
		{BC5AF16F-70D3-41BE-85B0-1427B61CB5BC}.AppStore|x86.Deploy.0 = Release|x86
		{BC5AF16F-70D3-41BE-85B0-1427B61CB5BC}.Debug|Any CPU.ActiveCfg = Debug|x86
		{BC5AF16F-70D3-41BE-85B0-1427B61CB5BC}.Debug|Any CPU.Build.0 = Debug|x86
		{BC5AF16F-70D3-41BE-85B0-1427B61CB5BC}.Debug|Any CPU.Deploy.0 = Debug|x86
		{BC5AF16F-70D3-41BE-85B0-1427B61CB5BC}.Debug|ARM.ActiveCfg = Debug|ARM
		{BC5AF16F-70D3-41BE-85B0-1427B61CB5BC}.Debug|ARM.Build.0 = Debug|ARM
		{BC5AF16F-70D3-41BE-85B0-1427B61CB5BC}.Debug|ARM.Deploy.0 = Debug|ARM
		{BC5AF16F-70D3-41BE-85B0-1427B61CB5BC}.Debug|iPhone.ActiveCfg = Debug|x86
		{BC5AF16F-70D3-41BE-85B0-1427B61CB5BC}.Debug|iPhone.Build.0 = Debug|x86
		{BC5AF16F-70D3-41BE-85B0-1427B61CB5BC}.Debug|iPhone.Deploy.0 = Debug|x86
		{BC5AF16F-70D3-41BE-85B0-1427B61CB5BC}.Debug|iPhoneSimulator.ActiveCfg = Debug|x86
		{BC5AF16F-70D3-41BE-85B0-1427B61CB5BC}.Debug|iPhoneSimulator.Build.0 = Debug|x86
		{BC5AF16F-70D3-41BE-85B0-1427B61CB5BC}.Debug|iPhoneSimulator.Deploy.0 = Debug|x86
		{BC5AF16F-70D3-41BE-85B0-1427B61CB5BC}.Debug|x64.ActiveCfg = Debug|x64
		{BC5AF16F-70D3-41BE-85B0-1427B61CB5BC}.Debug|x64.Build.0 = Debug|x64
		{BC5AF16F-70D3-41BE-85B0-1427B61CB5BC}.Debug|x64.Deploy.0 = Debug|x64
		{BC5AF16F-70D3-41BE-85B0-1427B61CB5BC}.Debug|x86.ActiveCfg = Debug|x86
		{BC5AF16F-70D3-41BE-85B0-1427B61CB5BC}.Debug|x86.Build.0 = Debug|x86
		{BC5AF16F-70D3-41BE-85B0-1427B61CB5BC}.Debug|x86.Deploy.0 = Debug|x86
		{BC5AF16F-70D3-41BE-85B0-1427B61CB5BC}.Release|Any CPU.ActiveCfg = Release|x86
		{BC5AF16F-70D3-41BE-85B0-1427B61CB5BC}.Release|Any CPU.Build.0 = Release|x86
		{BC5AF16F-70D3-41BE-85B0-1427B61CB5BC}.Release|Any CPU.Deploy.0 = Release|x86
		{BC5AF16F-70D3-41BE-85B0-1427B61CB5BC}.Release|ARM.ActiveCfg = Release|ARM
		{BC5AF16F-70D3-41BE-85B0-1427B61CB5BC}.Release|ARM.Build.0 = Release|ARM
		{BC5AF16F-70D3-41BE-85B0-1427B61CB5BC}.Release|ARM.Deploy.0 = Release|ARM
		{BC5AF16F-70D3-41BE-85B0-1427B61CB5BC}.Release|iPhone.ActiveCfg = Release|x86
		{BC5AF16F-70D3-41BE-85B0-1427B61CB5BC}.Release|iPhone.Build.0 = Release|x86
		{BC5AF16F-70D3-41BE-85B0-1427B61CB5BC}.Release|iPhone.Deploy.0 = Release|x86
		{BC5AF16F-70D3-41BE-85B0-1427B61CB5BC}.Release|iPhoneSimulator.ActiveCfg = Release|x86
		{BC5AF16F-70D3-41BE-85B0-1427B61CB5BC}.Release|iPhoneSimulator.Build.0 = Release|x86
		{BC5AF16F-70D3-41BE-85B0-1427B61CB5BC}.Release|iPhoneSimulator.Deploy.0 = Release|x86
		{BC5AF16F-70D3-41BE-85B0-1427B61CB5BC}.Release|x64.ActiveCfg = Release|x64
		{BC5AF16F-70D3-41BE-85B0-1427B61CB5BC}.Release|x64.Build.0 = Release|x64
		{BC5AF16F-70D3-41BE-85B0-1427B61CB5BC}.Release|x64.Deploy.0 = Release|x64
		{BC5AF16F-70D3-41BE-85B0-1427B61CB5BC}.Release|x86.ActiveCfg = Release|x86
		{BC5AF16F-70D3-41BE-85B0-1427B61CB5BC}.Release|x86.Build.0 = Release|x86
		{BC5AF16F-70D3-41BE-85B0-1427B61CB5BC}.Release|x86.Deploy.0 = Release|x86
		{51D14FBD-9A6C-4637-B5FD-14A76771E799}.Ad-Hoc|Any CPU.ActiveCfg = Debug|Any CPU
		{51D14FBD-9A6C-4637-B5FD-14A76771E799}.Ad-Hoc|Any CPU.Build.0 = Debug|Any CPU
		{51D14FBD-9A6C-4637-B5FD-14A76771E799}.Ad-Hoc|Any CPU.Deploy.0 = Debug|Any CPU
		{51D14FBD-9A6C-4637-B5FD-14A76771E799}.Ad-Hoc|ARM.ActiveCfg = Debug|Any CPU
		{51D14FBD-9A6C-4637-B5FD-14A76771E799}.Ad-Hoc|ARM.Build.0 = Debug|Any CPU
		{51D14FBD-9A6C-4637-B5FD-14A76771E799}.Ad-Hoc|ARM.Deploy.0 = Debug|Any CPU
		{51D14FBD-9A6C-4637-B5FD-14A76771E799}.Ad-Hoc|iPhone.ActiveCfg = Debug|Any CPU
		{51D14FBD-9A6C-4637-B5FD-14A76771E799}.Ad-Hoc|iPhone.Build.0 = Debug|Any CPU
		{51D14FBD-9A6C-4637-B5FD-14A76771E799}.Ad-Hoc|iPhone.Deploy.0 = Debug|Any CPU
		{51D14FBD-9A6C-4637-B5FD-14A76771E799}.Ad-Hoc|iPhoneSimulator.ActiveCfg = Debug|Any CPU
		{51D14FBD-9A6C-4637-B5FD-14A76771E799}.Ad-Hoc|iPhoneSimulator.Build.0 = Debug|Any CPU
		{51D14FBD-9A6C-4637-B5FD-14A76771E799}.Ad-Hoc|iPhoneSimulator.Deploy.0 = Debug|Any CPU
		{51D14FBD-9A6C-4637-B5FD-14A76771E799}.Ad-Hoc|x64.ActiveCfg = Debug|Any CPU
		{51D14FBD-9A6C-4637-B5FD-14A76771E799}.Ad-Hoc|x64.Build.0 = Debug|Any CPU
		{51D14FBD-9A6C-4637-B5FD-14A76771E799}.Ad-Hoc|x64.Deploy.0 = Debug|Any CPU
		{51D14FBD-9A6C-4637-B5FD-14A76771E799}.Ad-Hoc|x86.ActiveCfg = Debug|Any CPU
		{51D14FBD-9A6C-4637-B5FD-14A76771E799}.Ad-Hoc|x86.Build.0 = Debug|Any CPU
		{51D14FBD-9A6C-4637-B5FD-14A76771E799}.Ad-Hoc|x86.Deploy.0 = Debug|Any CPU
		{51D14FBD-9A6C-4637-B5FD-14A76771E799}.AppStore|Any CPU.ActiveCfg = Debug|Any CPU
		{51D14FBD-9A6C-4637-B5FD-14A76771E799}.AppStore|Any CPU.Build.0 = Debug|Any CPU
		{51D14FBD-9A6C-4637-B5FD-14A76771E799}.AppStore|Any CPU.Deploy.0 = Debug|Any CPU
		{51D14FBD-9A6C-4637-B5FD-14A76771E799}.AppStore|ARM.ActiveCfg = Debug|Any CPU
		{51D14FBD-9A6C-4637-B5FD-14A76771E799}.AppStore|ARM.Build.0 = Debug|Any CPU
		{51D14FBD-9A6C-4637-B5FD-14A76771E799}.AppStore|ARM.Deploy.0 = Debug|Any CPU
		{51D14FBD-9A6C-4637-B5FD-14A76771E799}.AppStore|iPhone.ActiveCfg = Debug|Any CPU
		{51D14FBD-9A6C-4637-B5FD-14A76771E799}.AppStore|iPhone.Build.0 = Debug|Any CPU
		{51D14FBD-9A6C-4637-B5FD-14A76771E799}.AppStore|iPhone.Deploy.0 = Debug|Any CPU
		{51D14FBD-9A6C-4637-B5FD-14A76771E799}.AppStore|iPhoneSimulator.ActiveCfg = Debug|Any CPU
		{51D14FBD-9A6C-4637-B5FD-14A76771E799}.AppStore|iPhoneSimulator.Build.0 = Debug|Any CPU
		{51D14FBD-9A6C-4637-B5FD-14A76771E799}.AppStore|iPhoneSimulator.Deploy.0 = Debug|Any CPU
		{51D14FBD-9A6C-4637-B5FD-14A76771E799}.AppStore|x64.ActiveCfg = Debug|Any CPU
		{51D14FBD-9A6C-4637-B5FD-14A76771E799}.AppStore|x64.Build.0 = Debug|Any CPU
		{51D14FBD-9A6C-4637-B5FD-14A76771E799}.AppStore|x64.Deploy.0 = Debug|Any CPU
		{51D14FBD-9A6C-4637-B5FD-14A76771E799}.AppStore|x86.ActiveCfg = Debug|Any CPU
		{51D14FBD-9A6C-4637-B5FD-14A76771E799}.AppStore|x86.Build.0 = Debug|Any CPU
		{51D14FBD-9A6C-4637-B5FD-14A76771E799}.AppStore|x86.Deploy.0 = Debug|Any CPU
		{51D14FBD-9A6C-4637-B5FD-14A76771E799}.Debug|Any CPU.ActiveCfg = Debug|Any CPU
		{51D14FBD-9A6C-4637-B5FD-14A76771E799}.Debug|Any CPU.Build.0 = Debug|Any CPU
		{51D14FBD-9A6C-4637-B5FD-14A76771E799}.Debug|Any CPU.Deploy.0 = Debug|Any CPU
		{51D14FBD-9A6C-4637-B5FD-14A76771E799}.Debug|ARM.ActiveCfg = Debug|Any CPU
		{51D14FBD-9A6C-4637-B5FD-14A76771E799}.Debug|ARM.Build.0 = Debug|Any CPU
		{51D14FBD-9A6C-4637-B5FD-14A76771E799}.Debug|ARM.Deploy.0 = Debug|Any CPU
		{51D14FBD-9A6C-4637-B5FD-14A76771E799}.Debug|iPhone.ActiveCfg = Debug|Any CPU
		{51D14FBD-9A6C-4637-B5FD-14A76771E799}.Debug|iPhone.Build.0 = Debug|Any CPU
		{51D14FBD-9A6C-4637-B5FD-14A76771E799}.Debug|iPhone.Deploy.0 = Debug|Any CPU
		{51D14FBD-9A6C-4637-B5FD-14A76771E799}.Debug|iPhoneSimulator.ActiveCfg = Debug|Any CPU
		{51D14FBD-9A6C-4637-B5FD-14A76771E799}.Debug|iPhoneSimulator.Build.0 = Debug|Any CPU
		{51D14FBD-9A6C-4637-B5FD-14A76771E799}.Debug|iPhoneSimulator.Deploy.0 = Debug|Any CPU
		{51D14FBD-9A6C-4637-B5FD-14A76771E799}.Debug|x64.ActiveCfg = Debug|Any CPU
		{51D14FBD-9A6C-4637-B5FD-14A76771E799}.Debug|x64.Build.0 = Debug|Any CPU
		{51D14FBD-9A6C-4637-B5FD-14A76771E799}.Debug|x64.Deploy.0 = Debug|Any CPU
		{51D14FBD-9A6C-4637-B5FD-14A76771E799}.Debug|x86.ActiveCfg = Debug|Any CPU
		{51D14FBD-9A6C-4637-B5FD-14A76771E799}.Debug|x86.Build.0 = Debug|Any CPU
		{51D14FBD-9A6C-4637-B5FD-14A76771E799}.Debug|x86.Deploy.0 = Debug|Any CPU
		{51D14FBD-9A6C-4637-B5FD-14A76771E799}.Release|Any CPU.ActiveCfg = Release|Any CPU
		{51D14FBD-9A6C-4637-B5FD-14A76771E799}.Release|Any CPU.Build.0 = Release|Any CPU
		{51D14FBD-9A6C-4637-B5FD-14A76771E799}.Release|Any CPU.Deploy.0 = Release|Any CPU
		{51D14FBD-9A6C-4637-B5FD-14A76771E799}.Release|ARM.ActiveCfg = Release|Any CPU
		{51D14FBD-9A6C-4637-B5FD-14A76771E799}.Release|ARM.Build.0 = Release|Any CPU
		{51D14FBD-9A6C-4637-B5FD-14A76771E799}.Release|ARM.Deploy.0 = Release|Any CPU
		{51D14FBD-9A6C-4637-B5FD-14A76771E799}.Release|iPhone.ActiveCfg = Release|Any CPU
		{51D14FBD-9A6C-4637-B5FD-14A76771E799}.Release|iPhone.Build.0 = Release|Any CPU
		{51D14FBD-9A6C-4637-B5FD-14A76771E799}.Release|iPhone.Deploy.0 = Release|Any CPU
		{51D14FBD-9A6C-4637-B5FD-14A76771E799}.Release|iPhoneSimulator.ActiveCfg = Release|Any CPU
		{51D14FBD-9A6C-4637-B5FD-14A76771E799}.Release|iPhoneSimulator.Build.0 = Release|Any CPU
		{51D14FBD-9A6C-4637-B5FD-14A76771E799}.Release|iPhoneSimulator.Deploy.0 = Release|Any CPU
		{51D14FBD-9A6C-4637-B5FD-14A76771E799}.Release|x64.ActiveCfg = Release|Any CPU
		{51D14FBD-9A6C-4637-B5FD-14A76771E799}.Release|x64.Build.0 = Release|Any CPU
		{51D14FBD-9A6C-4637-B5FD-14A76771E799}.Release|x64.Deploy.0 = Release|Any CPU
		{51D14FBD-9A6C-4637-B5FD-14A76771E799}.Release|x86.ActiveCfg = Release|Any CPU
		{51D14FBD-9A6C-4637-B5FD-14A76771E799}.Release|x86.Build.0 = Release|Any CPU
		{51D14FBD-9A6C-4637-B5FD-14A76771E799}.Release|x86.Deploy.0 = Release|Any CPU
	EndGlobalSection
	GlobalSection(SolutionProperties) = preSolution
		HideSolutionNode = FALSE
	EndGlobalSection
	GlobalSection(ExtensibilityGlobals) = postSolution
		SolutionGuid = {42E2190E-D31F-4E74-A2C6-08EEC8CB2F41}
	EndGlobalSection
EndGlobal
